
Microsoft Visual Studio Solution File, Format Version 12.00
Project("{FAE04EC0-301F-11D3-BF4B-00C04F79EFBC}") = "MorionParkingBot", "MorionParkingBot\MorionParkingBot.csproj", "{BCA33952-408D-48D1-A075-A503861B1CE4}"
EndProject
Project("{FAE04EC0-301F-11D3-BF4B-00C04F79EFBC}") = "ParkingBot", "ParkingBot\ParkingBot.csproj", "{21E3A318-2D12-47EC-A5FF-DE1B783DBF45}"
EndProject
Global
	GlobalSection(SolutionConfigurationPlatforms) = preSolution
		Debug|Any CPU = Debug|Any CPU
		Release|Any CPU = Release|Any CPU
	EndGlobalSection
	GlobalSection(ProjectConfigurationPlatforms) = postSolution
		{BCA33952-408D-48D1-A075-A503861B1CE4}.Debug|Any CPU.ActiveCfg = Debug|Any CPU
		{BCA33952-408D-48D1-A075-A503861B1CE4}.Debug|Any CPU.Build.0 = Debug|Any CPU
		{BCA33952-408D-48D1-A075-A503861B1CE4}.Release|Any CPU.ActiveCfg = Release|Any CPU
		{BCA33952-408D-48D1-A075-A503861B1CE4}.Release|Any CPU.Build.0 = Release|Any CPU
		{21E3A318-2D12-47EC-A5FF-DE1B783DBF45}.Debug|Any CPU.ActiveCfg = Debug|Any CPU
		{21E3A318-2D12-47EC-A5FF-DE1B783DBF45}.Debug|Any CPU.Build.0 = Debug|Any CPU
		{21E3A318-2D12-47EC-A5FF-DE1B783DBF45}.Release|Any CPU.ActiveCfg = Release|Any CPU
		{21E3A318-2D12-47EC-A5FF-DE1B783DBF45}.Release|Any CPU.Build.0 = Release|Any CPU
	EndGlobalSection
EndGlobal
